
Microsoft Visual Studio Solution File, Format Version 12.00
# Visual Studio 14
VisualStudioVersion = 14.0.25420.1
MinimumVisualStudioVersion = 10.0.40219.1
Project("{FAE04EC0-301F-11D3-BF4B-00C04F79EFBC}") = "Console_AirthmeticOperation", "Console_AirthmeticOperation\Console_AirthmeticOperation.csproj", "{FEE7D880-9BDA-446E-875E-3CE978471444}"
EndProject
Global
	GlobalSection(SolutionConfigurationPlatforms) = preSolution
		Debug|Any CPU = Debug|Any CPU
		Release|Any CPU = Release|Any CPU
	EndGlobalSection
	GlobalSection(ProjectConfigurationPlatforms) = postSolution
		{FEE7D880-9BDA-446E-875E-3CE978471444}.Debug|Any CPU.ActiveCfg = Debug|Any CPU
		{FEE7D880-9BDA-446E-875E-3CE978471444}.Debug|Any CPU.Build.0 = Debug|Any CPU
		{FEE7D880-9BDA-446E-875E-3CE978471444}.Release|Any CPU.ActiveCfg = Release|Any CPU
		{FEE7D880-9BDA-446E-875E-3CE978471444}.Release|Any CPU.Build.0 = Release|Any CPU
	EndGlobalSection
	GlobalSection(SolutionProperties) = preSolution
		HideSolutionNode = FALSE
	EndGlobalSection
EndGlobal
