
Microsoft Visual Studio Solution File, Format Version 12.00
# Visual Studio 14
VisualStudioVersion = 14.0.25420.1
MinimumVisualStudioVersion = 10.0.40219.1
Project("{FAE04EC0-301F-11D3-BF4B-00C04F79EFBC}") = "Console_Books", "Console_Books\Console_Books.csproj", "{D9C59B9B-0726-49CB-B4EE-D60F6BB51AF2}"
EndProject
Global
	GlobalSection(SolutionConfigurationPlatforms) = preSolution
		Debug|Any CPU = Debug|Any CPU
		Release|Any CPU = Release|Any CPU
	EndGlobalSection
	GlobalSection(ProjectConfigurationPlatforms) = postSolution
		{D9C59B9B-0726-49CB-B4EE-D60F6BB51AF2}.Debug|Any CPU.ActiveCfg = Debug|Any CPU
		{D9C59B9B-0726-49CB-B4EE-D60F6BB51AF2}.Debug|Any CPU.Build.0 = Debug|Any CPU
		{D9C59B9B-0726-49CB-B4EE-D60F6BB51AF2}.Release|Any CPU.ActiveCfg = Release|Any CPU
		{D9C59B9B-0726-49CB-B4EE-D60F6BB51AF2}.Release|Any CPU.Build.0 = Release|Any CPU
	EndGlobalSection
	GlobalSection(SolutionProperties) = preSolution
		HideSolutionNode = FALSE
	EndGlobalSection
EndGlobal
