
Microsoft Visual Studio Solution File, Format Version 12.00
# Visual Studio 14
VisualStudioVersion = 14.0.25420.1
MinimumVisualStudioVersion = 10.0.40219.1
Project("{FAE04EC0-301F-11D3-BF4B-00C04F79EFBC}") = "Console_CSharp_OOP2", "Console_CSharp_OOP2\Console_CSharp_OOP2.csproj", "{D9485FE8-6F81-497F-AB50-4B293C8CA89B}"
EndProject
Global
	GlobalSection(SolutionConfigurationPlatforms) = preSolution
		Debug|Any CPU = Debug|Any CPU
		Release|Any CPU = Release|Any CPU
	EndGlobalSection
	GlobalSection(ProjectConfigurationPlatforms) = postSolution
		{D9485FE8-6F81-497F-AB50-4B293C8CA89B}.Debug|Any CPU.ActiveCfg = Debug|Any CPU
		{D9485FE8-6F81-497F-AB50-4B293C8CA89B}.Debug|Any CPU.Build.0 = Debug|Any CPU
		{D9485FE8-6F81-497F-AB50-4B293C8CA89B}.Release|Any CPU.ActiveCfg = Release|Any CPU
		{D9485FE8-6F81-497F-AB50-4B293C8CA89B}.Release|Any CPU.Build.0 = Release|Any CPU
	EndGlobalSection
	GlobalSection(SolutionProperties) = preSolution
		HideSolutionNode = FALSE
	EndGlobalSection
EndGlobal
